
Microsoft Visual Studio Solution File, Format Version 12.00
# Visual Studio Version 17
VisualStudioVersion = 17.11.35327.3
MinimumVisualStudioVersion = 10.0.40219.1
Project("{FAE04EC0-301F-11D3-BF4B-00C04F79EFBC}") = "BlockingCollectionConsoleApp", "BlockingCollectionConsoleApp.csproj", "{77616C36-182C-417E-9E2D-2CCB420B7679}"
EndProject
Global
	GlobalSection(SolutionConfigurationPlatforms) = preSolution
		Debug|Any CPU = Debug|Any CPU
		Release|Any CPU = Release|Any CPU
	EndGlobalSection
	GlobalSection(ProjectConfigurationPlatforms) = postSolution
		{77616C36-182C-417E-9E2D-2CCB420B7679}.Debug|Any CPU.ActiveCfg = Debug|Any CPU
		{77616C36-182C-417E-9E2D-2CCB420B7679}.Debug|Any CPU.Build.0 = Debug|Any CPU
		{77616C36-182C-417E-9E2D-2CCB420B7679}.Release|Any CPU.ActiveCfg = Release|Any CPU
		{77616C36-182C-417E-9E2D-2CCB420B7679}.Release|Any CPU.Build.0 = Release|Any CPU
	EndGlobalSection
	GlobalSection(SolutionProperties) = preSolution
		HideSolutionNode = FALSE
	EndGlobalSection
	GlobalSection(ExtensibilityGlobals) = postSolution
		SolutionGuid = {30FA2904-76FA-4DEE-83E8-E4333A58F196}
	EndGlobalSection
EndGlobal
